
Microsoft Visual Studio Solution File, Format Version 12.00
# Visual Studio Version 17
VisualStudioVersion = 17.14.36804.6 d17.14
MinimumVisualStudioVersion = 10.0.40219.1
Project("{FAE04EC0-301F-11D3-BF4B-00C04F79EFBC}") = "Traker", "Traker.csproj", "{27355DF9-DEBB-4F02-AE5B-919227FF72B8}"
EndProject
Global
	GlobalSection(SolutionConfigurationPlatforms) = preSolution
		Debug|Any CPU = Debug|Any CPU
		Release|Any CPU = Release|Any CPU
	EndGlobalSection
	GlobalSection(ProjectConfigurationPlatforms) = postSolution
		{27355DF9-DEBB-4F02-AE5B-919227FF72B8}.Debug|Any CPU.ActiveCfg = Debug|Any CPU
		{27355DF9-DEBB-4F02-AE5B-919227FF72B8}.Debug|Any CPU.Build.0 = Debug|Any CPU
		{27355DF9-DEBB-4F02-AE5B-919227FF72B8}.Release|Any CPU.ActiveCfg = Release|Any CPU
		{27355DF9-DEBB-4F02-AE5B-919227FF72B8}.Release|Any CPU.Build.0 = Release|Any CPU
	EndGlobalSection
	GlobalSection(SolutionProperties) = preSolution
		HideSolutionNode = FALSE
	EndGlobalSection
	GlobalSection(ExtensibilityGlobals) = postSolution
		SolutionGuid = {A1A2249C-9390-497D-B821-6A114BAF870B}
	EndGlobalSection
EndGlobal
